
Microsoft Visual Studio Solution File, Format Version 12.00
# Visual Studio Version 16
VisualStudioVersion = 25.0.1704.0
MinimumVisualStudioVersion = 10.0.40219.1
Project("{FAE04EC0-301F-11D3-BF4B-00C04F79EFBC}") = "test", "test.csproj", "{2A21547B-DB6E-48A2-9C58-AC4A746C1D25}"
EndProject
Global
	GlobalSection(SolutionConfigurationPlatforms) = preSolution
		Debug|Any CPU = Debug|Any CPU
		Release|Any CPU = Release|Any CPU
	EndGlobalSection
	GlobalSection(ProjectConfigurationPlatforms) = postSolution
		{2A21547B-DB6E-48A2-9C58-AC4A746C1D25}.Debug|Any CPU.ActiveCfg = Debug|Any CPU
		{2A21547B-DB6E-48A2-9C58-AC4A746C1D25}.Debug|Any CPU.Build.0 = Debug|Any CPU
		{2A21547B-DB6E-48A2-9C58-AC4A746C1D25}.Release|Any CPU.ActiveCfg = Release|Any CPU
		{2A21547B-DB6E-48A2-9C58-AC4A746C1D25}.Release|Any CPU.Build.0 = Release|Any CPU
	EndGlobalSection
	GlobalSection(SolutionProperties) = preSolution
		HideSolutionNode = FALSE
	EndGlobalSection
	GlobalSection(ExtensibilityGlobals) = postSolution
		SolutionGuid = {33DBA936-B4FA-45A6-BCA1-4A41A0C1AF53}
	EndGlobalSection
EndGlobal
